
Microsoft Visual Studio Solution File, Format Version 12.00
# Visual Studio Version 16
VisualStudioVersion = 16.0.29418.71
MinimumVisualStudioVersion = 10.0.40219.1
Project("{9A19103F-16F7-4668-BE54-9A1E7A4F7556}") = "BlazorCalculator", "BlazorCalculator\BlazorCalculator.csproj", "{5976AD53-60DB-4F47-A879-3A98336C0730}"
EndProject
Project("{FAE04EC0-301F-11D3-BF4B-00C04F79EFBC}") = "CalculatorUnitTests", "CalculatorUnitTests\CalculatorUnitTests.csproj", "{59802576-FB6F-4957-9126-5277AF1FB080}"
EndProject
Global
	GlobalSection(SolutionConfigurationPlatforms) = preSolution
		Debug|Any CPU = Debug|Any CPU
		Release|Any CPU = Release|Any CPU
	EndGlobalSection
	GlobalSection(ProjectConfigurationPlatforms) = postSolution
		{5976AD53-60DB-4F47-A879-3A98336C0730}.Debug|Any CPU.ActiveCfg = Debug|Any CPU
		{5976AD53-60DB-4F47-A879-3A98336C0730}.Debug|Any CPU.Build.0 = Debug|Any CPU
		{5976AD53-60DB-4F47-A879-3A98336C0730}.Release|Any CPU.ActiveCfg = Release|Any CPU
		{5976AD53-60DB-4F47-A879-3A98336C0730}.Release|Any CPU.Build.0 = Release|Any CPU
		{59802576-FB6F-4957-9126-5277AF1FB080}.Debug|Any CPU.ActiveCfg = Debug|Any CPU
		{59802576-FB6F-4957-9126-5277AF1FB080}.Debug|Any CPU.Build.0 = Debug|Any CPU
		{59802576-FB6F-4957-9126-5277AF1FB080}.Release|Any CPU.ActiveCfg = Release|Any CPU
		{59802576-FB6F-4957-9126-5277AF1FB080}.Release|Any CPU.Build.0 = Release|Any CPU
	EndGlobalSection
	GlobalSection(SolutionProperties) = preSolution
		HideSolutionNode = FALSE
	EndGlobalSection
	GlobalSection(ExtensibilityGlobals) = postSolution
		SolutionGuid = {03E087A0-E1F3-4E40-9CF2-AADA7D85178B}
	EndGlobalSection
EndGlobal
